
Microsoft Visual Studio Solution File, Format Version 12.00
# Visual Studio Version 16
VisualStudioVersion = 16.0.30711.63
MinimumVisualStudioVersion = 15.0.26124.0
Project("{9A19103F-16F7-4668-BE54-9A1E7A4F7556}") = "MyApp", "MyApp\MyApp.csproj", "{650880AA-881C-4EA1-9A1D-D0CE380BFD4E}"
EndProject
Project("{FAE04EC0-301F-11D3-BF4B-00C04F79EFBC}") = "MyApp.IntegrationTests", "MyApp.IntegrationTests\MyApp.IntegrationTests.csproj", "{3431867C-83E4-4D32-8732-6AAA721F4D98}"
EndProject
Global
	GlobalSection(SolutionConfigurationPlatforms) = preSolution
		Debug|Any CPU = Debug|Any CPU
		Debug|x64 = Debug|x64
		Debug|x86 = Debug|x86
		Release|Any CPU = Release|Any CPU
		Release|x64 = Release|x64
		Release|x86 = Release|x86
	EndGlobalSection
	GlobalSection(ProjectConfigurationPlatforms) = postSolution
		{650880AA-881C-4EA1-9A1D-D0CE380BFD4E}.Debug|Any CPU.ActiveCfg = Debug|Any CPU
		{650880AA-881C-4EA1-9A1D-D0CE380BFD4E}.Debug|Any CPU.Build.0 = Debug|Any CPU
		{650880AA-881C-4EA1-9A1D-D0CE380BFD4E}.Debug|x64.ActiveCfg = Debug|Any CPU
		{650880AA-881C-4EA1-9A1D-D0CE380BFD4E}.Debug|x64.Build.0 = Debug|Any CPU
		{650880AA-881C-4EA1-9A1D-D0CE380BFD4E}.Debug|x86.ActiveCfg = Debug|Any CPU
		{650880AA-881C-4EA1-9A1D-D0CE380BFD4E}.Debug|x86.Build.0 = Debug|Any CPU
		{650880AA-881C-4EA1-9A1D-D0CE380BFD4E}.Release|Any CPU.ActiveCfg = Release|Any CPU
		{650880AA-881C-4EA1-9A1D-D0CE380BFD4E}.Release|Any CPU.Build.0 = Release|Any CPU
		{650880AA-881C-4EA1-9A1D-D0CE380BFD4E}.Release|x64.ActiveCfg = Release|Any CPU
		{650880AA-881C-4EA1-9A1D-D0CE380BFD4E}.Release|x64.Build.0 = Release|Any CPU
		{650880AA-881C-4EA1-9A1D-D0CE380BFD4E}.Release|x86.ActiveCfg = Release|Any CPU
		{650880AA-881C-4EA1-9A1D-D0CE380BFD4E}.Release|x86.Build.0 = Release|Any CPU
		{3431867C-83E4-4D32-8732-6AAA721F4D98}.Debug|Any CPU.ActiveCfg = Debug|Any CPU
		{3431867C-83E4-4D32-8732-6AAA721F4D98}.Debug|Any CPU.Build.0 = Debug|Any CPU
		{3431867C-83E4-4D32-8732-6AAA721F4D98}.Debug|x64.ActiveCfg = Debug|Any CPU
		{3431867C-83E4-4D32-8732-6AAA721F4D98}.Debug|x64.Build.0 = Debug|Any CPU
		{3431867C-83E4-4D32-8732-6AAA721F4D98}.Debug|x86.ActiveCfg = Debug|Any CPU
		{3431867C-83E4-4D32-8732-6AAA721F4D98}.Debug|x86.Build.0 = Debug|Any CPU
		{3431867C-83E4-4D32-8732-6AAA721F4D98}.Release|Any CPU.ActiveCfg = Release|Any CPU
		{3431867C-83E4-4D32-8732-6AAA721F4D98}.Release|Any CPU.Build.0 = Release|Any CPU
		{3431867C-83E4-4D32-8732-6AAA721F4D98}.Release|x64.ActiveCfg = Release|Any CPU
		{3431867C-83E4-4D32-8732-6AAA721F4D98}.Release|x64.Build.0 = Release|Any CPU
		{3431867C-83E4-4D32-8732-6AAA721F4D98}.Release|x86.ActiveCfg = Release|Any CPU
		{3431867C-83E4-4D32-8732-6AAA721F4D98}.Release|x86.Build.0 = Release|Any CPU
	EndGlobalSection
	GlobalSection(SolutionProperties) = preSolution
		HideSolutionNode = FALSE
	EndGlobalSection
	GlobalSection(ExtensibilityGlobals) = postSolution
		SolutionGuid = {CE1B5010-00CB-491D-805E-0113E1E1BBF7}
	EndGlobalSection
EndGlobal
